
Microsoft Visual Studio Solution File, Format Version 12.00
# Visual Studio Version 17
VisualStudioVersion = 17.3.32929.385
MinimumVisualStudioVersion = 10.0.40219.1
Project("{FAE04EC0-301F-11D3-BF4B-00C04F79EFBC}") = "Series", "Series\Series.csproj", "{6FF374DA-1B0B-47EB-8B64-1969E0B7BA68}"
EndProject
Global
	GlobalSection(SolutionConfigurationPlatforms) = preSolution
		Debug|Any CPU = Debug|Any CPU
		Release|Any CPU = Release|Any CPU
	EndGlobalSection
	GlobalSection(ProjectConfigurationPlatforms) = postSolution
		{6FF374DA-1B0B-47EB-8B64-1969E0B7BA68}.Debug|Any CPU.ActiveCfg = Debug|Any CPU
		{6FF374DA-1B0B-47EB-8B64-1969E0B7BA68}.Debug|Any CPU.Build.0 = Debug|Any CPU
		{6FF374DA-1B0B-47EB-8B64-1969E0B7BA68}.Release|Any CPU.ActiveCfg = Release|Any CPU
		{6FF374DA-1B0B-47EB-8B64-1969E0B7BA68}.Release|Any CPU.Build.0 = Release|Any CPU
	EndGlobalSection
	GlobalSection(SolutionProperties) = preSolution
		HideSolutionNode = FALSE
	EndGlobalSection
	GlobalSection(ExtensibilityGlobals) = postSolution
		SolutionGuid = {3C2B79B1-2FD9-447D-ACCB-07D4D0AA208A}
	EndGlobalSection
EndGlobal
